
Microsoft Visual Studio Solution File, Format Version 12.00
# Visual Studio Version 17
VisualStudioVersion = 17.14.36221.1
MinimumVisualStudioVersion = 10.0.40219.1
Project("{FAE04EC0-301F-11D3-BF4B-00C04F79EFBC}") = "CostCtrl", "CostCtrl.csproj", "{3E741556-5C40-47CE-B36E-1CE567068D95}"
EndProject
Global
	GlobalSection(SolutionConfigurationPlatforms) = preSolution
		Debug|Any CPU = Debug|Any CPU
		Release|Any CPU = Release|Any CPU
	EndGlobalSection
	GlobalSection(ProjectConfigurationPlatforms) = postSolution
		{3E741556-5C40-47CE-B36E-1CE567068D95}.Debug|Any CPU.ActiveCfg = Debug|Any CPU
		{3E741556-5C40-47CE-B36E-1CE567068D95}.Debug|Any CPU.Build.0 = Debug|Any CPU
		{3E741556-5C40-47CE-B36E-1CE567068D95}.Release|Any CPU.ActiveCfg = Release|Any CPU
		{3E741556-5C40-47CE-B36E-1CE567068D95}.Release|Any CPU.Build.0 = Release|Any CPU
	EndGlobalSection
	GlobalSection(SolutionProperties) = preSolution
		HideSolutionNode = FALSE
	EndGlobalSection
	GlobalSection(ExtensibilityGlobals) = postSolution
		SolutionGuid = {02EDB56A-EF1B-467C-8344-CDC6633746FE}
	EndGlobalSection
EndGlobal
